
Microsoft Visual Studio Solution File, Format Version 12.00
# Visual Studio 15
VisualStudioVersion = 15.0.28307.136
MinimumVisualStudioVersion = 10.0.40219.1
Project("{FAE04EC0-301F-11D3-BF4B-00C04F79EFBC}") = "DependencyInjectionTutorial", "DependencyInjectionTutorial\DependencyInjectionTutorial.csproj", "{63B01215-1074-4896-9905-C8BD50CD9E13}"
EndProject
Global
	GlobalSection(SolutionConfigurationPlatforms) = preSolution
		Debug|Any CPU = Debug|Any CPU
		Release|Any CPU = Release|Any CPU
	EndGlobalSection
	GlobalSection(ProjectConfigurationPlatforms) = postSolution
		{63B01215-1074-4896-9905-C8BD50CD9E13}.Debug|Any CPU.ActiveCfg = Debug|Any CPU
		{63B01215-1074-4896-9905-C8BD50CD9E13}.Debug|Any CPU.Build.0 = Debug|Any CPU
		{63B01215-1074-4896-9905-C8BD50CD9E13}.Release|Any CPU.ActiveCfg = Release|Any CPU
		{63B01215-1074-4896-9905-C8BD50CD9E13}.Release|Any CPU.Build.0 = Release|Any CPU
	EndGlobalSection
	GlobalSection(SolutionProperties) = preSolution
		HideSolutionNode = FALSE
	EndGlobalSection
	GlobalSection(ExtensibilityGlobals) = postSolution
		SolutionGuid = {37A0F100-DDBC-43F0-9505-2BABF0667CF1}
	EndGlobalSection
EndGlobal
